
Microsoft Visual Studio Solution File, Format Version 12.00
# Visual Studio Version 17
VisualStudioVersion = 17.0.31903.59
MinimumVisualStudioVersion = 10.0.40219.1
Project("{9A19103F-16F7-4668-BE54-9A1E7A4F7556}") = "Luzyce.Core", "Luzyce.Core\Luzyce.Core.csproj", "{8A011549-6C07-4FFD-B57B-19CF0CF6761B}"
EndProject
Project("{2150E333-8FDC-42A3-9474-1A3956D46DE8}") = "Solution Folder", "Solution Folder", "{76E5A5F7-2897-4335-9137-0B82C7166A1F}"
	ProjectSection(SolutionItems) = preProject
		.gitignore = .gitignore
		LICENSE = LICENSE
		README.md = README.md
	EndProjectSection
EndProject
Global
	GlobalSection(SolutionConfigurationPlatforms) = preSolution
		Debug|Any CPU = Debug|Any CPU
		Release|Any CPU = Release|Any CPU
	EndGlobalSection
	GlobalSection(ProjectConfigurationPlatforms) = postSolution
		{8A011549-6C07-4FFD-B57B-19CF0CF6761B}.Debug|Any CPU.ActiveCfg = Debug|Any CPU
		{8A011549-6C07-4FFD-B57B-19CF0CF6761B}.Debug|Any CPU.Build.0 = Debug|Any CPU
		{8A011549-6C07-4FFD-B57B-19CF0CF6761B}.Release|Any CPU.ActiveCfg = Release|Any CPU
		{8A011549-6C07-4FFD-B57B-19CF0CF6761B}.Release|Any CPU.Build.0 = Release|Any CPU
	EndGlobalSection
	GlobalSection(SolutionProperties) = preSolution
		HideSolutionNode = FALSE
	EndGlobalSection
EndGlobal
